{
  "lockfile_version": "1",
  "packages": {
    "jdk@21.0.0": {
      "last_modified": "2023-11-17T14:14:56Z",
      "resolved": "github:NixOS/nixpkgs/a71323f68d4377d12c04a5410e214495ec598d4c#jdk21",
      "source": "devbox-search",
      "version": "21.0.0",
      "systems": {
        "aarch64-darwin": {
          "store_path": "/nix/store/d0si1sxhk3nwb11bsdznin9qbbladq08-zulu21.28.85-ca-jdk-21.0.0"
        },
        "x86_64-darwin": {
          "store_path": "/nix/store/90fd4zi8nk9wp7clnsncslqfa0dpn7b4-zulu21.28.85-ca-jdk-21.0.0"
        }
      }
    },
    "sbt@1.9.7": {
      "last_modified": "2023-11-17T14:14:56Z",
      "resolved": "github:NixOS/nixpkgs/a71323f68d4377d12c04a5410e214495ec598d4c#sbt",
      "source": "devbox-search",
      "version": "1.9.7",
      "systems": {
        "aarch64-darwin": {
          "store_path": "/nix/store/pfnw4793yzf9fykmahid2phl5p8rv6nf-sbt-1.9.7"
        },
        "aarch64-linux": {
          "store_path": "/nix/store/36kvhjbmfjlfg39q50wvx7sfyncick2w-sbt-1.9.7"
        },
        "x86_64-darwin": {
          "store_path": "/nix/store/6phhs4vn8m6grsl3ypg325wgczrdbrp2-sbt-1.9.7"
        },
        "x86_64-linux": {
          "store_path": "/nix/store/4gmrqx3vgphb8dl1mwwjc7c1b8dcw40l-sbt-1.9.7"
        }
      }
    }
  }
}
